TOUCHGRASS_REPO=https://github.com/micr0softstore/samsung_android_kernel_a52xq.git
TOUCHGRASS_COMMIT=6bf351bdf18bdb228db79e66f14a7a9c0178e5d7
TOUCHGRASS_BRANCH=OneUI8-dev
TOUCHGRASS_BASE_VERSION=4.19.152

LINUX_STABLE_REPO=https://github.com/gregkh/linux.git
LINUX_STABLE_BASE_TAG=v4.19.152
LINUX_STABLE_BASE_COMMIT=ad326970d25cc85128cd22d62398751ad072efff
LINUX_STABLE_TARGET_TAG=v4.19.325
LINUX_STABLE_TARGET_COMMIT=a67e7cdde7cc7984ae24c3c81a70dc1aa34424b1

RESUKISU_REPO=https://github.com/ReSukiSU/ReSukiSU.git
RESUKISU_COMMIT=2206a7dd71e600f34378c4c583244f46e7a35670
RESUKISU_VERSION_FULL=v4.1.0-2206a7dd@ReSukiSU

ROLLBACK_ZIP=tgl_v1.5.1_a52xq_KSUN-v3.2.0-legacy_SUSFS-v1.5.5_SAFE_KERNEL-UMOUNT-OFF.zip
ROLLBACK_ZIP_SHA256=e658877c1ba062196f0f804b0270ce0f1ad970e6b7652856804081d04bfa1d67
