BOOT_IMAGE_NAME=boot(2).img
BOOT_IMAGE_SHA256=41ae3b24771c70747c26aa17a18d254ffcb1c0d742b96f4f1f1fff20a6638554
BOOT_IMAGE_BYTES=100663296
BOOT_MAGIC=ANDROID!
BOOT_HEADER_VERSION=2
BOOT_PAGE_SIZE=4096
BOOT_KERNEL_SIZE=19778072
BOOT_RAMDISK_SIZE=722513
BOOT_SECOND_SIZE=0
BOOT_BOARD=SRPTJ06A012
BOOT_PARTITION_BYTES=100663296
BOOT_SOURCE_POLICY=checksum-locked-user-dump
